
Microsoft Visual Studio Solution File, Format Version 12.00
# Visual Studio 15
VisualStudioVersion = 15.0.28307.106
MinimumVisualStudioVersion = 10.0.40219.1
Project("{FAE04EC0-301F-11D3-BF4B-00C04F79EFBC}") = "FigureDesigner", "FigureDesigner\FigureDesigner.csproj", "{E5AF0859-6A03-4DA2-B162-98D29FFB7F65}"
EndProject
Global
	GlobalSection(SolutionConfigurationPlatforms) = preSolution
		Debug|Any CPU = Debug|Any CPU
		Release|Any CPU = Release|Any CPU
	EndGlobalSection
	GlobalSection(ProjectConfigurationPlatforms) = postSolution
		{E5AF0859-6A03-4DA2-B162-98D29FFB7F65}.Debug|Any CPU.ActiveCfg = Debug|Any CPU
		{E5AF0859-6A03-4DA2-B162-98D29FFB7F65}.Debug|Any CPU.Build.0 = Debug|Any CPU
		{E5AF0859-6A03-4DA2-B162-98D29FFB7F65}.Release|Any CPU.ActiveCfg = Release|Any CPU
		{E5AF0859-6A03-4DA2-B162-98D29FFB7F65}.Release|Any CPU.Build.0 = Release|Any CPU
	EndGlobalSection
	GlobalSection(SolutionProperties) = preSolution
		HideSolutionNode = FALSE
	EndGlobalSection
	GlobalSection(ExtensibilityGlobals) = postSolution
		SolutionGuid = {2ACEBB88-EA54-4246-9304-CFE7E9167067}
	EndGlobalSection
EndGlobal
